
Microsoft Visual Studio Solution File, Format Version 12.00
# Visual Studio Version 17
VisualStudioVersion = 17.6.33815.320
MinimumVisualStudioVersion = 10.0.40219.1
Project("{9A19103F-16F7-4668-BE54-9A1E7A4F7556}") = "MudBlazorPlayground.WASM", "MudBlazorPlayground.WASM\MudBlazorPlayground.WASM.csproj", "{69455B60-FA9A-4843-9A8C-7B0F7F92FA51}"
EndProject
Project("{9A19103F-16F7-4668-BE54-9A1E7A4F7556}") = "MudBlazorPlayground.Mobile", "MudBlazorPlayground.Mobile\MudBlazorPlayground.Mobile.csproj", "{2176BE2E-2893-419F-A3CD-826245FCB9A7}"
EndProject
Project("{9A19103F-16F7-4668-BE54-9A1E7A4F7556}") = "MudBlazorPlayground.Shared", "MudBlazorPlayground.Shared\MudBlazorPlayground.Shared.csproj", "{F24808A2-A8BD-455C-947C-BFECB7C73FDB}"
EndProject
Global
	GlobalSection(SolutionConfigurationPlatforms) = preSolution
		Debug|Any CPU = Debug|Any CPU
		Release|Any CPU = Release|Any CPU
	EndGlobalSection
	GlobalSection(ProjectConfigurationPlatforms) = postSolution
		{69455B60-FA9A-4843-9A8C-7B0F7F92FA51}.Debug|Any CPU.ActiveCfg = Debug|Any CPU
		{69455B60-FA9A-4843-9A8C-7B0F7F92FA51}.Debug|Any CPU.Build.0 = Debug|Any CPU
		{69455B60-FA9A-4843-9A8C-7B0F7F92FA51}.Release|Any CPU.ActiveCfg = Release|Any CPU
		{69455B60-FA9A-4843-9A8C-7B0F7F92FA51}.Release|Any CPU.Build.0 = Release|Any CPU
		{2176BE2E-2893-419F-A3CD-826245FCB9A7}.Debug|Any CPU.ActiveCfg = Debug|Any CPU
		{2176BE2E-2893-419F-A3CD-826245FCB9A7}.Debug|Any CPU.Build.0 = Debug|Any CPU
		{2176BE2E-2893-419F-A3CD-826245FCB9A7}.Debug|Any CPU.Deploy.0 = Debug|Any CPU
		{2176BE2E-2893-419F-A3CD-826245FCB9A7}.Release|Any CPU.ActiveCfg = Release|Any CPU
		{2176BE2E-2893-419F-A3CD-826245FCB9A7}.Release|Any CPU.Build.0 = Release|Any CPU
		{2176BE2E-2893-419F-A3CD-826245FCB9A7}.Release|Any CPU.Deploy.0 = Release|Any CPU
		{F24808A2-A8BD-455C-947C-BFECB7C73FDB}.Debug|Any CPU.ActiveCfg = Debug|Any CPU
		{F24808A2-A8BD-455C-947C-BFECB7C73FDB}.Debug|Any CPU.Build.0 = Debug|Any CPU
		{F24808A2-A8BD-455C-947C-BFECB7C73FDB}.Release|Any CPU.ActiveCfg = Release|Any CPU
		{F24808A2-A8BD-455C-947C-BFECB7C73FDB}.Release|Any CPU.Build.0 = Release|Any CPU
	EndGlobalSection
	GlobalSection(SolutionProperties) = preSolution
		HideSolutionNode = FALSE
	EndGlobalSection
	GlobalSection(ExtensibilityGlobals) = postSolution
		SolutionGuid = {69662173-9994-4262-BD64-318586B172EC}
	EndGlobalSection
EndGlobal
